[ "amnesic": {:git, "git://github.com/nirvana/amnesic.git", "1d4c81038b45be97096a7aca146a9615ec41b6b2", []},
  "base32": {:git, "https://github.com/andrewtj/base32_erlang.git", "40431a7480176b24863e18b92d9872e54c714df5", [{:ref, "master"}]},
  "cberl": {:git, "git://github.com/nirvana/cberl.git", "d704fa29e50b077fae1c04630277e6e4d679164d", []},
  "con_cache": {:git, "git://github.com/sasa1977/con_cache.git", "d774684577116c51dda00accd7d41a76e0a677e5", []},
  "couchie": {:git, "git://github.com/nirvana/couchie.git", "e5a1c21396d171bdd4d761951f56adf8e0753694", []},
  "cowboy": {:git, "git://github.com/extend/cowboy.git", "3b4c0588e9bb98307576f7d6e0b52ea434138e62", []},
  "dns": {:git, "git://github.com/aeden/dns_erlang.git", "6a05f3c4d937c695acafdcf965acf541dbdd5e0c", [{:ref, "HEAD"}]},
  "erldns": {:git, "git://github.com/aetrion/erl-dns.git", "f5ae182fde0952c5f33044c8a86f6e87f7a3947e", []},
  "exactor": {:git, "git://github.com/sasa1977/exactor.git", "84740aa85f7c027fe8de68d5691188753cb760c8", []},
  "flaky": {:git, "git://github.com/nirvana/flaky.git", "825abed5b8b66b5a2d5d0a29fcaa1f76e3127753", []},
  "jiffy": {:git, "https://github.com/davisp/jiffy.git", "d16a4fd968e000b65e4678cccfad68d7a0a8bd1c", [{:branch, "master"}]},
  "jsx": {:git, "git://github.com/talentdeficit/jsx.git", "4cf557a84889055514af2e3c4edf281df9f3b84a", [{:ref, "HEAD"}]},
  "lager": {:git, "git://github.com/basho/lager.git", "9719370eeaf8b64c1c3e79fb7052cb1ca29f16c8", [{:tag, "2.0.0rc1"}]},
  "poolboy": {:git, "https://github.com/devinus/poolboy.git", "91b68de43d49bcccf2631016febda70b20d7aa75", [{:branch, "master"}]},
  "ranch": {:git, "git://github.com/extend/ranch.git", "3ed2a4de2cc7f2e2e592cc8aab09afdb400bff75", [{:ref, "0.8.4"}]},
  "websocket_client": {:git, "git://github.com/aeden/websocket_client.git", "593236d2c89d91e4b4fc1ee3bd11e989bbdb1ba6", [{:ref, "HEAD"}]} ]
